// !$*UTF8*$!
{
	archiveVersion = 1;
	classes = {};
	objectVersion = 56;
	objects = {
		000000000000000000000001 = {isa = PBXFileReference; lastKnownFileType = sourcecode.swift; path = AppDelegate.swift; sourceTree = "<group>"; };
		000000000000000000000002 = {isa = PBXFileReference; lastKnownFileType = sourcecode.swift; path = ViewController.swift; sourceTree = "<group>"; };
		000000000000000000000003 = {isa = PBXFileReference; lastKnownFileType = text.plist.xml; path = Info.plist; sourceTree = "<group>"; };
		000000000000000000000004 = {isa = PBXFileReference; explicitFileType = wrapper.application; includeInIndex = 0; path = HelloWorld.app; sourceTree = BUILT_PRODUCTS_DIR; };
		000000000000000000000005 = {isa = PBXGroup; children = (000000000000000000000001, 000000000000000000000002, 000000000000000000000003); path = HelloWorld; sourceTree = "<group>"; };
		000000000000000000000006 = {isa = PBXGroup; children = (000000000000000000000005, 000000000000000000000007); sourceTree = "<group>"; };
		000000000000000000000007 = {isa = PBXGroup; children = (000000000000000000000004); name = Products; path = Products; sourceTree = "<group>"; };
		000000000000000000000008 = {isa = PBXBuildFile; fileRef = 000000000000000000000001; };
		000000000000000000000009 = {isa = PBXBuildFile; fileRef = 000000000000000000000002; };
		000000000000000000000010 = {isa = PBXSourcesBuildPhase; buildActionMask = 2147483647; files = (000000000000000000000008, 000000000000000000000009); runOnlyForDeploymentPostprocessing = 0; };
		000000000000000000000011 = {isa = PBXFrameworksBuildPhase; buildActionMask = 2147483647; files = (); runOnlyForDeploymentPostprocessing = 0; };
		000000000000000000000012 = {isa = PBXResourcesBuildPhase; buildActionMask = 2147483647; files = (); runOnlyForDeploymentPostprocessing = 0; };
		000000000000000000000013 = {isa = PBXNativeTarget; buildConfigurationList = 000000000000000000000016; buildPhases = (000000000000000000000010, 000000000000000000000011, 000000000000000000000012); buildRules = (); dependencies = (); name = HelloWorld; productName = HelloWorld; productReference = 000000000000000000000004; productType = "com.apple.product-type.application"; };
		000000000000000000000014 = {isa = PBXProject; buildConfigurationList = 000000000000000000000015; compatibilityVersion = "Xcode 14.0"; developmentRegion = en; hasScannedForEncodings = 0; knownRegions = (en, Base); mainGroup = 000000000000000000000006; productRefGroup = 000000000000000000000007; projectDirPath = ""; projectRoot = ""; targets = (000000000000000000000013); };
		000000000000000000000015 = {isa = XCConfigurationList; buildConfigurations = (000000000000000000000017, 000000000000000000000018); defaultConfigurationIsVisible = 0; defaultConfigurationName = Release; };
		000000000000000000000016 = {isa = XCConfigurationList; buildConfigurations = (000000000000000000000019, 000000000000000000000020); defaultConfigurationIsVisible = 0; defaultConfigurationName = Release; };
		000000000000000000000017 = {isa = XCBuildConfiguration; buildSettings = { ALWAYS_SEARCH_USER_PATHS = NO; CLANG_ENABLE_MODULES = YES; SDKROOT = iphoneos; }; name = Debug; };
		000000000000000000000018 = {isa = XCBuildConfiguration; buildSettings = { ALWAYS_SEARCH_USER_PATHS = NO; CLANG_ENABLE_MODULES = YES; SDKROOT = iphoneos; }; name = Release; };
		000000000000000000000019 = {isa = XCBuildConfiguration; buildSettings = { INFOPLIST_FILE = HelloWorld/Info.plist; PRODUCT_BUNDLE_IDENTIFIER = com.example.helloworld; PRODUCT_NAME = "$(TARGET_NAME)"; SWIFT_VERSION = 5.0; TARGETED_DEVICE_FAMILY = "1,2"; IPHONEOS_DEPLOYMENT_TARGET = 15.0; }; name = Debug; };
		000000000000000000000020 = {isa = XCBuildConfiguration; buildSettings = { INFOPLIST_FILE = HelloWorld/Info.plist; PRODUCT_BUNDLE_IDENTIFIER = com.example.helloworld; PRODUCT_NAME = "$(TARGET_NAME)"; SWIFT_VERSION = 5.0; TARGETED_DEVICE_FAMILY = "1,2"; IPHONEOS_DEPLOYMENT_TARGET = 15.0; }; name = Release; };
	};
	rootObject = 000000000000000000000014;
}